
Microsoft Visual Studio Solution File, Format Version 12.00
# Visual Studio Version 17
VisualStudioVersion = 17.4.33205.214
MinimumVisualStudioVersion = 10.0.40219.1
Project("{FAE04EC0-301F-11D3-BF4B-00C04F79EFBC}") = "Create", "Create\Create.csproj", "{C23C0690-BA24-4E4D-AFEF-2893A918789D}"
EndProject
Project("{FAE04EC0-301F-11D3-BF4B-00C04F79EFBC}") = "FromCreate", "FromCreate\FromCreate.csproj", "{AEE1AE36-67DF-4814-88E1-1884FC6D3FC5}"
EndProject
Global
	GlobalSection(SolutionConfigurationPlatforms) = preSolution
		Debug|Any CPU = Debug|Any CPU
		Release|Any CPU = Release|Any CPU
	EndGlobalSection
	GlobalSection(ProjectConfigurationPlatforms) = postSolution
		{C23C0690-BA24-4E4D-AFEF-2893A918789D}.Debug|Any CPU.ActiveCfg = Debug|Any CPU
		{C23C0690-BA24-4E4D-AFEF-2893A918789D}.Debug|Any CPU.Build.0 = Debug|Any CPU
		{C23C0690-BA24-4E4D-AFEF-2893A918789D}.Release|Any CPU.ActiveCfg = Release|Any CPU
		{C23C0690-BA24-4E4D-AFEF-2893A918789D}.Release|Any CPU.Build.0 = Release|Any CPU
		{AEE1AE36-67DF-4814-88E1-1884FC6D3FC5}.Debug|Any CPU.ActiveCfg = Debug|Any CPU
		{AEE1AE36-67DF-4814-88E1-1884FC6D3FC5}.Debug|Any CPU.Build.0 = Debug|Any CPU
		{AEE1AE36-67DF-4814-88E1-1884FC6D3FC5}.Release|Any CPU.ActiveCfg = Release|Any CPU
		{AEE1AE36-67DF-4814-88E1-1884FC6D3FC5}.Release|Any CPU.Build.0 = Release|Any CPU
	EndGlobalSection
	GlobalSection(SolutionProperties) = preSolution
		HideSolutionNode = FALSE
	EndGlobalSection
	GlobalSection(ExtensibilityGlobals) = postSolution
		SolutionGuid = {E7A05D6C-797A-4D20-91ED-C987E60542BC}
	EndGlobalSection
EndGlobal
